PODS:
  - Realm (3.11.1):
    - Realm/Headers (= 3.11.1)
  - Realm/Headers (3.11.1)
  - RealmSwift (3.11.1):
    - Realm (= 3.11.1)
  - Toucan (1.0.0)

DEPENDENCIES:
  - RealmSwift
  - Toucan

SPEC REPOS:
  https://github.com/cocoapods/specs.git:
    - Realm
    - RealmSwift
    - Toucan

SPEC CHECKSUMS:
  Realm: 037c5919b9ceb59d6beed5d3b031096856b119b3
  RealmSwift: c9580133e73ef40ed340401af2dbc9a5790dfea7
  Toucan: 61867fb10948c02e9804280a95eb183e98eac97a

PODFILE CHECKSUM: 2d89d82aa5dd2da3608a3970c1763d3fd05281bb

COCOAPODS: 1.5.2
